{
  "name": "main",
  "lockfileVersion": 3,
  "requires": true,
  "packages": {
    "": {
      "name": "main",
      "dependencies": {
        "dependency": "file:../dependency"
      }
    },
    "../dependency": {},
    "node_modules/dependency": {
      "resolved": "../dependency",
      "link": true
    }
  }
}
